{
	"name": "@volkovasystem/format-package-json-file",
	"version": "0.0.4",
	"lockfileVersion": 1,
	"requires": true,
	"dependencies": {
		"format-json-file": {
			"version": "npm:@volkovasystem/format-json-file@0.0.6",
			"resolved": "https://registry.npmjs.org/@volkovasystem/format-json-file/-/format-json-file-0.0.6.tgz",
			"integrity": "sha512-jFjv2vV774n3L3yGiTTyvnIk3fDP7ZzNQSXd8Akf3NoKhG74iFiX6rB33ek64/kdza/GXwL6HUOZGjqEZ9YEqA=="
		}
	}
}
